PODS:
  - THEOliveSDK (1.0.0-alpha.1)

DEPENDENCIES:
  - THEOliveSDK (= 1.0.0-alpha.1)

SPEC REPOS:
  https://github.com/Dev1an/cocoapod-specs:
    - THEOliveSDK

SPEC CHECKSUMS:
  THEOliveSDK: 6b684db5e5f3045753ea800b639243e8f5cd8067

PODFILE CHECKSUM: da686273c161df9a16af8b7a3d4a5fda648cc084

COCOAPODS: 1.12.0
