PODS:
  - THEOliveSDK (1.0.0-alpha.19)

DEPENDENCIES:
  - THEOliveSDK (= 1.0.0-alpha.19)

SPEC REPOS:
  https://github.com/THEOplayer/CocoaPod-specs.git:
    - THEOliveSDK

SPEC CHECKSUMS:
  THEOliveSDK: 0098f7afce8450ea5a4584e0192fdd8a340430eb

PODFILE CHECKSUM: 764cdeaab38effe2e59652c650a08433d00b98a9

COCOAPODS: 1.12.0
