// !$*UTF8*$!
{
	archiveVersion = 1;
	classes = {
	};
	objectVersion = 56;
	objects = {

/* Begin PBXBuildFile section */
		40831CD54CFC89A0EF6E2BD3 /* libPods-UIKitExample-iOS.a in Frameworks */ = {isa = PBXBuildFile; fileRef = 9DFACB7F8907C65D2DDF059D /* libPods-UIKitExample-iOS.a */; };
		745687CC2A5C282F007D65E4 /* AppDelegate.swift in Sources */ = {isa = PBXBuildFile; fileRef = 745687CB2A5C282F007D65E4 /* AppDelegate.swift */; };
		745687CE2A5C282F007D65E4 /* SceneDelegate.swift in Sources */ = {isa = PBXBuildFile; fileRef = 745687CD2A5C282F007D65E4 /* SceneDelegate.swift */; };
		745687D32A5C282F007D65E4 /* Main.storyboard in Resources */ = {isa = PBXBuildFile; fileRef = 745687D12A5C282F007D65E4 /* Main.storyboard */; };
		745687D52A5C282F007D65E4 /* Assets.xcassets in Resources */ = {isa = PBXBuildFile; fileRef = 745687D42A5C282F007D65E4 /* Assets.xcassets */; };
		745687D82A5C282F007D65E4 /* LaunchScreen.storyboard in Resources */ = {isa = PBXBuildFile; fileRef = 745687D62A5C282F007D65E4 /* LaunchScreen.storyboard */; };
		745687E12A5C2A7D007D65E4 /* ViewController.swift in Sources */ = {isa = PBXBuildFile; fileRef = 745687E02A5C2A7D007D65E4 /* ViewController.swift */; };
		745687E92A5C2AAB007D65E4 /* AppDelegate.swift in Sources */ = {isa = PBXBuildFile; fileRef = 745687E82A5C2AAB007D65E4 /* AppDelegate.swift */; };
		745687EE2A5C2AAB007D65E4 /* Main.storyboard in Resources */ = {isa = PBXBuildFile; fileRef = 745687EC2A5C2AAB007D65E4 /* Main.storyboard */; };
		745687F02A5C2AAB007D65E4 /* Assets.xcassets in Resources */ = {isa = PBXBuildFile; fileRef = 745687EF2A5C2AAB007D65E4 /* Assets.xcassets */; };
		745687F32A5C2AAB007D65E4 /* LaunchScreen.storyboard in Resources */ = {isa = PBXBuildFile; fileRef = 745687F12A5C2AAB007D65E4 /* LaunchScreen.storyboard */; };
/* End PBXBuildFile section */

/* Begin PBXFileReference section */
		0BD2AEDE8DD97806FD8BBD2A /* Pods-UIKitExample.debug.xcconfig */ = {isa = PBXFileReference; includeInIndex = 1; lastKnownFileType = text.xcconfig; name = "Pods-UIKitExample.debug.xcconfig"; path = "Target Support Files/Pods-UIKitExample/Pods-UIKitExample.debug.xcconfig"; sourceTree = "<group>"; };
		1387712E567A9FBB47FE4B6F /* Pods-UIKitExample-iOS.debug.xcconfig */ = {isa = PBXFileReference; includeInIndex = 1; lastKnownFileType = text.xcconfig; name = "Pods-UIKitExample-iOS.debug.xcconfig"; path = "Target Support Files/Pods-UIKitExample-iOS/Pods-UIKitExample-iOS.debug.xcconfig"; sourceTree = "<group>"; };
		660EFA512DFA32BEB944D4A0 /* Pods-UIKitExample.release.xcconfig */ = {isa = PBXFileReference; includeInIndex = 1; lastKnownFileType = text.xcconfig; name = "Pods-UIKitExample.release.xcconfig"; path = "Target Support Files/Pods-UIKitExample/Pods-UIKitExample.release.xcconfig"; sourceTree = "<group>"; };
		745687C82A5C282E007D65E4 /* UIKitExample-iOS.app */ = {isa = PBXFileReference; explicitFileType = wrapper.application; includeInIndex = 0; path = "UIKitExample-iOS.app"; sourceTree = BUILT_PRODUCTS_DIR; };
		745687CB2A5C282F007D65E4 /* AppDelegate.swift */ = {isa = PBXFileReference; lastKnownFileType = sourcecode.swift; path = AppDelegate.swift; sourceTree = "<group>"; };
		745687CD2A5C282F007D65E4 /* SceneDelegate.swift */ = {isa = PBXFileReference; lastKnownFileType = sourcecode.swift; path = SceneDelegate.swift; sourceTree = "<group>"; };
		745687D22A5C282F007D65E4 /* Base */ = {isa = PBXFileReference; lastKnownFileType = file.storyboard; name = Base; path = Base.lproj/Main.storyboard; sourceTree = "<group>"; };
		745687D42A5C282F007D65E4 /* Assets.xcassets */ = {isa = PBXFileReference; lastKnownFileType = folder.assetcatalog; path = Assets.xcassets; sourceTree = "<group>"; };
		745687D72A5C282F007D65E4 /* Base */ = {isa = PBXFileReference; lastKnownFileType = file.storyboard; name = Base; path = Base.lproj/LaunchScreen.storyboard; sourceTree = "<group>"; };
		745687D92A5C282F007D65E4 /* Info.plist */ = {isa = PBXFileReference; lastKnownFileType = text.plist.xml; path = Info.plist; sourceTree = "<group>"; };
		745687E02A5C2A7D007D65E4 /* ViewController.swift */ = {isa = PBXFileReference; fileEncoding = 4; lastKnownFileType = sourcecode.swift; path = ViewController.swift; sourceTree = "<group>"; };
		745687E62A5C2AAB007D65E4 /* UIKitExample-tvOS.app */ = {isa = PBXFileReference; explicitFileType = wrapper.application; includeInIndex = 0; path = "UIKitExample-tvOS.app"; sourceTree = BUILT_PRODUCTS_DIR; };
		745687E82A5C2AAB007D65E4 /* AppDelegate.swift */ = {isa = PBXFileReference; lastKnownFileType = sourcecode.swift; path = AppDelegate.swift; sourceTree = "<group>"; };
		745687ED2A5C2AAB007D65E4 /* Base */ = {isa = PBXFileReference; lastKnownFileType = file.storyboard; name = Base; path = Base.lproj/Main.storyboard; sourceTree = "<group>"; };
		745687EF2A5C2AAB007D65E4 /* Assets.xcassets */ = {isa = PBXFileReference; lastKnownFileType = folder.assetcatalog; path = Assets.xcassets; sourceTree = "<group>"; };
		745687F22A5C2AAB007D65E4 /* Base */ = {isa = PBXFileReference; lastKnownFileType = file.storyboard; name = Base; path = Base.lproj/LaunchScreen.storyboard; sourceTree = "<group>"; };
		834A280B783594C52031E333 /* Pods-UIKitExample-iOS.release.xcconfig */ = {isa = PBXFileReference; includeInIndex = 1; lastKnownFileType = text.xcconfig; name = "Pods-UIKitExample-iOS.release.xcconfig"; path = "Target Support Files/Pods-UIKitExample-iOS/Pods-UIKitExample-iOS.release.xcconfig"; sourceTree = "<group>"; };
		9DFACB7F8907C65D2DDF059D /* libPods-UIKitExample-iOS.a */ = {isa = PBXFileReference; explicitFileType = archive.ar; includeInIndex = 0; path = "libPods-UIKitExample-iOS.a"; sourceTree = BUILT_PRODUCTS_DIR; };
/* End PBXFileReference section */

/* Begin PBXFrameworksBuildPhase section */
		745687C52A5C282E007D65E4 /* Frameworks */ = {
			isa = PBXFrameworksBuildPhase;
			buildActionMask = 2147483647;
			files = (
				40831CD54CFC89A0EF6E2BD3 /* libPods-UIKitExample-iOS.a in Frameworks */,
			);
			runOnlyForDeploymentPostprocessing = 0;
		};
		745687E32A5C2AAB007D65E4 /* Frameworks */ = {
			isa = PBXFrameworksBuildPhase;
			buildActionMask = 2147483647;
			files = (
			);
			runOnlyForDeploymentPostprocessing = 0;
		};
/* End PBXFrameworksBuildPhase section */

/* Begin PBXGroup section */
		745687BF2A5C282E007D65E4 = {
			isa = PBXGroup;
			children = (
				745687DF2A5C2A7D007D65E4 /* Shared */,
				745687CA2A5C282E007D65E4 /* iOS */,
				745687E72A5C2AAB007D65E4 /* tvOS */,
				745687C92A5C282E007D65E4 /* Products */,
				CEC6EBB030BDBE2A1C4B4D37 /* Pods */,
				A4519ED36A6DF7505AE7A5FA /* Frameworks */,
			);
			sourceTree = "<group>";
		};
		745687C92A5C282E007D65E4 /* Products */ = {
			isa = PBXGroup;
			children = (
				745687C82A5C282E007D65E4 /* UIKitExample-iOS.app */,
				745687E62A5C2AAB007D65E4 /* UIKitExample-tvOS.app */,
			);
			name = Products;
			sourceTree = "<group>";
		};
		745687CA2A5C282E007D65E4 /* iOS */ = {
			isa = PBXGroup;
			children = (
				745687CB2A5C282F007D65E4 /* AppDelegate.swift */,
				745687CD2A5C282F007D65E4 /* SceneDelegate.swift */,
				745687D12A5C282F007D65E4 /* Main.storyboard */,
				745687D42A5C282F007D65E4 /* Assets.xcassets */,
				745687D62A5C282F007D65E4 /* LaunchScreen.storyboard */,
				745687D92A5C282F007D65E4 /* Info.plist */,
			);
			name = iOS;
			path = ../Code/iOS;
			sourceTree = "<group>";
		};
		745687DF2A5C2A7D007D65E4 /* Shared */ = {
			isa = PBXGroup;
			children = (
				745687E02A5C2A7D007D65E4 /* ViewController.swift */,
			);
			name = Shared;
			path = ../Code/Shared;
			sourceTree = "<group>";
		};
		745687E72A5C2AAB007D65E4 /* tvOS */ = {
			isa = PBXGroup;
			children = (
				745687E82A5C2AAB007D65E4 /* AppDelegate.swift */,
				745687EC2A5C2AAB007D65E4 /* Main.storyboard */,
				745687EF2A5C2AAB007D65E4 /* Assets.xcassets */,
				745687F12A5C2AAB007D65E4 /* LaunchScreen.storyboard */,
			);
			name = tvOS;
			path = ../Code/tvOS;
			sourceTree = "<group>";
		};
		A4519ED36A6DF7505AE7A5FA /* Frameworks */ = {
			isa = PBXGroup;
			children = (
				9DFACB7F8907C65D2DDF059D /* libPods-UIKitExample-iOS.a */,
			);
			name = Frameworks;
			sourceTree = "<group>";
		};
		CEC6EBB030BDBE2A1C4B4D37 /* Pods */ = {
			isa = PBXGroup;
			children = (
				0BD2AEDE8DD97806FD8BBD2A /* Pods-UIKitExample.debug.xcconfig */,
				660EFA512DFA32BEB944D4A0 /* Pods-UIKitExample.release.xcconfig */,
				1387712E567A9FBB47FE4B6F /* Pods-UIKitExample-iOS.debug.xcconfig */,
				834A280B783594C52031E333 /* Pods-UIKitExample-iOS.release.xcconfig */,
			);
			path = Pods;
			sourceTree = "<group>";
		};
/* End PBXGroup section */

/* Begin PBXNativeTarget section */
		745687C72A5C282E007D65E4 /* UIKitExample-iOS */ = {
			isa = PBXNativeTarget;
			buildConfigurationList = 745687DC2A5C282F007D65E4 /* Build configuration list for PBXNativeTarget "UIKitExample-iOS" */;
			buildPhases = (
				2E1D67CCA78851687C710087 /* [CP] Check Pods Manifest.lock */,
				745687C42A5C282E007D65E4 /* Sources */,
				745687C52A5C282E007D65E4 /* Frameworks */,
				745687C62A5C282E007D65E4 /* Resources */,
				7799C2EDA0951DB3C8C11BC9 /* [CP] Embed Pods Frameworks */,
			);
			buildRules = (
			);
			dependencies = (
			);
			name = "UIKitExample-iOS";
			productName = UIKitExample;
			productReference = 745687C82A5C282E007D65E4 /* UIKitExample-iOS.app */;
			productType = "com.apple.product-type.application";
		};
		745687E52A5C2AAB007D65E4 /* UIKitExample-tvOS */ = {
			isa = PBXNativeTarget;
			buildConfigurationList = 745687F42A5C2AAB007D65E4 /* Build configuration list for PBXNativeTarget "UIKitExample-tvOS" */;
			buildPhases = (
				745687E22A5C2AAB007D65E4 /* Sources */,
				745687E32A5C2AAB007D65E4 /* Frameworks */,
				745687E42A5C2AAB007D65E4 /* Resources */,
			);
			buildRules = (
			);
			dependencies = (
			);
			name = "UIKitExample-tvOS";
			productName = UIKitExample;
			productReference = 745687E62A5C2AAB007D65E4 /* UIKitExample-tvOS.app */;
			productType = "com.apple.product-type.application";
		};
/* End PBXNativeTarget section */

/* Begin PBXProject section */
		745687C02A5C282E007D65E4 /* Project object */ = {
			isa = PBXProject;
			attributes = {
				BuildIndependentTargetsInParallel = 1;
				LastSwiftUpdateCheck = 1430;
				LastUpgradeCheck = 1430;
				TargetAttributes = {
					745687C72A5C282E007D65E4 = {
						CreatedOnToolsVersion = 14.3.1;
					};
					745687E52A5C2AAB007D65E4 = {
						CreatedOnToolsVersion = 14.3.1;
					};
				};
			};
			buildConfigurationList = 745687C32A5C282E007D65E4 /* Build configuration list for PBXProject "UIKitExample" */;
			compatibilityVersion = "Xcode 14.0";
			developmentRegion = en;
			hasScannedForEncodings = 0;
			knownRegions = (
				en,
				Base,
			);
			mainGroup = 745687BF2A5C282E007D65E4;
			productRefGroup = 745687C92A5C282E007D65E4 /* Products */;
			projectDirPath = "";
			projectRoot = "";
			targets = (
				745687C72A5C282E007D65E4 /* UIKitExample-iOS */,
				745687E52A5C2AAB007D65E4 /* UIKitExample-tvOS */,
			);
		};
/* End PBXProject section */

/* Begin PBXResourcesBuildPhase section */
		745687C62A5C282E007D65E4 /* Resources */ = {
			isa = PBXResourcesBuildPhase;
			buildActionMask = 2147483647;
			files = (
				745687D82A5C282F007D65E4 /* LaunchScreen.storyboard in Resources */,
				745687D52A5C282F007D65E4 /* Assets.xcassets in Resources */,
				745687D32A5C282F007D65E4 /* Main.storyboard in Resources */,
			);
			runOnlyForDeploymentPostprocessing = 0;
		};
		745687E42A5C2AAB007D65E4 /* Resources */ = {
			isa = PBXResourcesBuildPhase;
			buildActionMask = 2147483647;
			files = (
				745687F32A5C2AAB007D65E4 /* LaunchScreen.storyboard in Resources */,
				745687F02A5C2AAB007D65E4 /* Assets.xcassets in Resources */,
				745687EE2A5C2AAB007D65E4 /* Main.storyboard in Resources */,
			);
			runOnlyForDeploymentPostprocessing = 0;
		};
/* End PBXResourcesBuildPhase section */

/* Begin PBXShellScriptBuildPhase section */
		2E1D67CCA78851687C710087 /* [CP] Check Pods Manifest.lock */ = {
			isa = PBXShellScriptBuildPhase;
			buildActionMask = 2147483647;
			files = (
			);
			inputFileListPaths = (
			);
			inputPaths = (
				"${PODS_PODFILE_DIR_PATH}/Podfile.lock",
				"${PODS_ROOT}/Manifest.lock",
			);
			name = "[CP] Check Pods Manifest.lock";
			outputFileListPaths = (
			);
			outputPaths = (
				"$(DERIVED_FILE_DIR)/Pods-UIKitExample-iOS-checkManifestLockResult.txt",
			);
			runOnlyForDeploymentPostprocessing = 0;
			shellPath = /bin/sh;
			shellScript = "diff \"${PODS_PODFILE_DIR_PATH}/Podfile.lock\" \"${PODS_ROOT}/Manifest.lock\" > /dev/null\nif [ $? != 0 ] ; then\n    # print error to STDERR\n    echo \"error: The sandbox is not in sync with the Podfile.lock. Run 'pod install' or update your CocoaPods installation.\" >&2\n    exit 1\nfi\n# This output is used by Xcode 'outputs' to avoid re-running this script phase.\necho \"SUCCESS\" > \"${SCRIPT_OUTPUT_FILE_0}\"\n";
			showEnvVarsInLog = 0;
		};
		7799C2EDA0951DB3C8C11BC9 /* [CP] Embed Pods Frameworks */ = {
			isa = PBXShellScriptBuildPhase;
			buildActionMask = 2147483647;
			files = (
			);
			inputFileListPaths = (
				"${PODS_ROOT}/Target Support Files/Pods-UIKitExample-iOS/Pods-UIKitExample-iOS-frameworks-${CONFIGURATION}-input-files.xcfilelist",
			);
			name = "[CP] Embed Pods Frameworks";
			outputFileListPaths = (
				"${PODS_ROOT}/Target Support Files/Pods-UIKitExample-iOS/Pods-UIKitExample-iOS-frameworks-${CONFIGURATION}-output-files.xcfilelist",
			);
			runOnlyForDeploymentPostprocessing = 0;
			shellPath = /bin/sh;
			shellScript = "\"${PODS_ROOT}/Target Support Files/Pods-UIKitExample-iOS/Pods-UIKitExample-iOS-frameworks.sh\"\n";
			showEnvVarsInLog = 0;
		};
/* End PBXShellScriptBuildPhase section */

/* Begin PBXSourcesBuildPhase section */
		745687C42A5C282E007D65E4 /* Sources */ = {
			isa = PBXSourcesBuildPhase;
			buildActionMask = 2147483647;
			files = (
				745687E12A5C2A7D007D65E4 /* ViewController.swift in Sources */,
				745687CC2A5C282F007D65E4 /* AppDelegate.swift in Sources */,
				745687CE2A5C282F007D65E4 /* SceneDelegate.swift in Sources */,
			);
			runOnlyForDeploymentPostprocessing = 0;
		};
		745687E22A5C2AAB007D65E4 /* Sources */ = {
			isa = PBXSourcesBuildPhase;
			buildActionMask = 2147483647;
			files = (
				745687E92A5C2AAB007D65E4 /* AppDelegate.swift in Sources */,
			);
			runOnlyForDeploymentPostprocessing = 0;
		};
/* End PBXSourcesBuildPhase section */

/* Begin PBXVariantGroup section */
		745687D12A5C282F007D65E4 /* Main.storyboard */ = {
			isa = PBXVariantGroup;
			children = (
				745687D22A5C282F007D65E4 /* Base */,
			);
			name = Main.storyboard;
			sourceTree = "<group>";
		};
		745687D62A5C282F007D65E4 /* LaunchScreen.storyboard */ = {
			isa = PBXVariantGroup;
			children = (
				745687D72A5C282F007D65E4 /* Base */,
			);
			name = LaunchScreen.storyboard;
			sourceTree = "<group>";
		};
		745687EC2A5C2AAB007D65E4 /* Main.storyboard */ = {
			isa = PBXVariantGroup;
			children = (
				745687ED2A5C2AAB007D65E4 /* Base */,
			);
			name = Main.storyboard;
			sourceTree = "<group>";
		};
		745687F12A5C2AAB007D65E4 /* LaunchScreen.storyboard */ = {
			isa = PBXVariantGroup;
			children = (
				745687F22A5C2AAB007D65E4 /* Base */,
			);
			name = LaunchScreen.storyboard;
			sourceTree = "<group>";
		};
/* End PBXVariantGroup section */

/* Begin XCBuildConfiguration section */
		745687DA2A5C282F007D65E4 /* Debug */ = {
			isa = XCBuildConfiguration;
			buildSettings = {
				ALWAYS_SEARCH_USER_PATHS = NO;
				CLANG_ANALYZER_NONNULL = YES;
				CLANG_ANALYZER_NUMBER_OBJECT_CONVERSION = YES_AGGRESSIVE;
				CLANG_CXX_LANGUAGE_STANDARD = "gnu++20";
				CLANG_ENABLE_MODULES = YES;
				CLANG_ENABLE_OBJC_ARC = YES;
				CLANG_ENABLE_OBJC_WEAK = YES;
				CLANG_WARN_BLOCK_CAPTURE_AUTORELEASING = YES;
				CLANG_WARN_BOOL_CONVERSION = YES;
				CLANG_WARN_COMMA = YES;
				CLANG_WARN_CONSTANT_CONVERSION = YES;
				CLANG_WARN_DEPRECATED_OBJC_IMPLEMENTATIONS = YES;
				CLANG_WARN_DIRECT_OBJC_ISA_USAGE = YES_ERROR;
				CLANG_WARN_DOCUMENTATION_COMMENTS = YES;
				CLANG_WARN_EMPTY_BODY = YES;
				CLANG_WARN_ENUM_CONVERSION = YES;
				CLANG_WARN_INFINITE_RECURSION = YES;
				CLANG_WARN_INT_CONVERSION = YES;
				CLANG_WARN_NON_LITERAL_NULL_CONVERSION = YES;
				CLANG_WARN_OBJC_IMPLICIT_RETAIN_SELF = YES;
				CLANG_WARN_OBJC_LITERAL_CONVERSION = YES;
				CLANG_WARN_OBJC_ROOT_CLASS = YES_ERROR;
				CLANG_WARN_QUOTED_INCLUDE_IN_FRAMEWORK_HEADER = YES;
				CLANG_WARN_RANGE_LOOP_ANALYSIS = YES;
				CLANG_WARN_STRICT_PROTOTYPES = YES;
				CLANG_WARN_SUSPICIOUS_MOVE = YES;
				CLANG_WARN_UNGUARDED_AVAILABILITY = YES_AGGRESSIVE;
				CLANG_WARN_UNREACHABLE_CODE = YES;
				CLANG_WARN__DUPLICATE_METHOD_MATCH = YES;
				COPY_PHASE_STRIP = NO;
				DEBUG_INFORMATION_FORMAT = dwarf;
				ENABLE_STRICT_OBJC_MSGSEND = YES;
				ENABLE_TESTABILITY = YES;
				GCC_C_LANGUAGE_STANDARD = gnu11;
				GCC_DYNAMIC_NO_PIC = NO;
				GCC_NO_COMMON_BLOCKS = YES;
				GCC_OPTIMIZATION_LEVEL = 0;
				GCC_PREPROCESSOR_DEFINITIONS = (
					"DEBUG=1",
					"$(inherited)",
				);
				GCC_WARN_64_TO_32_BIT_CONVERSION = YES;
				GCC_WARN_ABOUT_RETURN_TYPE = YES_ERROR;
				GCC_WARN_UNDECLARED_SELECTOR = YES;
				GCC_WARN_UNINITIALIZED_AUTOS = YES_AGGRESSIVE;
				GCC_WARN_UNUSED_FUNCTION = YES;
				GCC_WARN_UNUSED_VARIABLE = YES;
				IPHONEOS_DEPLOYMENT_TARGET = 16.4;
				MTL_ENABLE_DEBUG_INFO = INCLUDE_SOURCE;
				MTL_FAST_MATH = YES;
				ONLY_ACTIVE_ARCH = YES;
				SDKROOT = iphoneos;
				SWIFT_ACTIVE_COMPILATION_CONDITIONS = DEBUG;
				SWIFT_OPTIMIZATION_LEVEL = "-Onone";
			};
			name = Debug;
		};
		745687DB2A5C282F007D65E4 /* Release */ = {
			isa = XCBuildConfiguration;
			buildSettings = {
				ALWAYS_SEARCH_USER_PATHS = NO;
				CLANG_ANALYZER_NONNULL = YES;
				CLANG_ANALYZER_NUMBER_OBJECT_CONVERSION = YES_AGGRESSIVE;
				CLANG_CXX_LANGUAGE_STANDARD = "gnu++20";
				CLANG_ENABLE_MODULES = YES;
				CLANG_ENABLE_OBJC_ARC = YES;
				CLANG_ENABLE_OBJC_WEAK = YES;
				CLANG_WARN_BLOCK_CAPTURE_AUTORELEASING = YES;
				CLANG_WARN_BOOL_CONVERSION = YES;
				CLANG_WARN_COMMA = YES;
				CLANG_WARN_CONSTANT_CONVERSION = YES;
				CLANG_WARN_DEPRECATED_OBJC_IMPLEMENTATIONS = YES;
				CLANG_WARN_DIRECT_OBJC_ISA_USAGE = YES_ERROR;
				CLANG_WARN_DOCUMENTATION_COMMENTS = YES;
				CLANG_WARN_EMPTY_BODY = YES;
				CLANG_WARN_ENUM_CONVERSION = YES;
				CLANG_WARN_INFINITE_RECURSION = YES;
				CLANG_WARN_INT_CONVERSION = YES;
				CLANG_WARN_NON_LITERAL_NULL_CONVERSION = YES;
				CLANG_WARN_OBJC_IMPLICIT_RETAIN_SELF = YES;
				CLANG_WARN_OBJC_LITERAL_CONVERSION = YES;
				CLANG_WARN_OBJC_ROOT_CLASS = YES_ERROR;
				CLANG_WARN_QUOTED_INCLUDE_IN_FRAMEWORK_HEADER = YES;
				CLANG_WARN_RANGE_LOOP_ANALYSIS = YES;
				CLANG_WARN_STRICT_PROTOTYPES = YES;
				CLANG_WARN_SUSPICIOUS_MOVE = YES;
				CLANG_WARN_UNGUARDED_AVAILABILITY = YES_AGGRESSIVE;
				CLANG_WARN_UNREACHABLE_CODE = YES;
				CLANG_WARN__DUPLICATE_METHOD_MATCH = YES;
				COPY_PHASE_STRIP = NO;
				DEBUG_INFORMATION_FORMAT = "dwarf-with-dsym";
				ENABLE_NS_ASSERTIONS = NO;
				ENABLE_STRICT_OBJC_MSGSEND = YES;
				GCC_C_LANGUAGE_STANDARD = gnu11;
				GCC_NO_COMMON_BLOCKS = YES;
				GCC_WARN_64_TO_32_BIT_CONVERSION = YES;
				GCC_WARN_ABOUT_RETURN_TYPE = YES_ERROR;
				GCC_WARN_UNDECLARED_SELECTOR = YES;
				GCC_WARN_UNINITIALIZED_AUTOS = YES_AGGRESSIVE;
				GCC_WARN_UNUSED_FUNCTION = YES;
				GCC_WARN_UNUSED_VARIABLE = YES;
				IPHONEOS_DEPLOYMENT_TARGET = 16.4;
				MTL_ENABLE_DEBUG_INFO = NO;
				MTL_FAST_MATH = YES;
				SDKROOT = iphoneos;
				SWIFT_COMPILATION_MODE = wholemodule;
				SWIFT_OPTIMIZATION_LEVEL = "-O";
				VALIDATE_PRODUCT = YES;
			};
			name = Release;
		};
		745687DD2A5C282F007D65E4 /* Debug */ = {
			isa = XCBuildConfiguration;
			baseConfigurationReference = 1387712E567A9FBB47FE4B6F /* Pods-UIKitExample-iOS.debug.xcconfig */;
			buildSettings = {
				ASSETCATALOG_COMPILER_APPICON_NAME = AppIcon;
				ASSETCATALOG_COMPILER_GLOBAL_ACCENT_COLOR_NAME = AccentColor;
				CODE_SIGN_STYLE = Automatic;
				CURRENT_PROJECT_VERSION = 1;
				DEVELOPMENT_TEAM = 7TD9A665TC;
				GENERATE_INFOPLIST_FILE = YES;
				INFOPLIST_FILE = ../Code/iOS/Info.plist;
				INFOPLIST_KEY_UIApplicationSupportsIndirectInputEvents = YES;
				INFOPLIST_KEY_UILaunchStoryboardName = LaunchScreen;
				INFOPLIST_KEY_UIMainStoryboardFile = Main;
				INFOPLIST_KEY_UISupportedInterfaceOrientations_iPad = "UIInterfaceOrientationPortrait UIInterfaceOrientationPortraitUpsideDown UIInterfaceOrientationLandscapeLeft UIInterfaceOrientationLandscapeRight";
				INFOPLIST_KEY_UISupportedInterfaceOrientations_iPhone = "UIInterfaceOrientationPortrait UIInterfaceOrientationLandscapeLeft UIInterfaceOrientationLandscapeRight";
				LD_RUNPATH_SEARCH_PATHS = (
					"$(inherited)",
					"@executable_path/Frameworks",
				);
				MARKETING_VERSION = 1.0;
				PRODUCT_BUNDLE_IDENTIFIER = com.theotechnologies.sample.theolive.swiftui.UIKitExample;
				PRODUCT_NAME = "$(TARGET_NAME)";
				SWIFT_EMIT_LOC_STRINGS = YES;
				SWIFT_VERSION = 5.0;
				TARGETED_DEVICE_FAMILY = "1,2";
			};
			name = Debug;
		};
		745687DE2A5C282F007D65E4 /* Release */ = {
			isa = XCBuildConfiguration;
			baseConfigurationReference = 834A280B783594C52031E333 /* Pods-UIKitExample-iOS.release.xcconfig */;
			buildSettings = {
				ASSETCATALOG_COMPILER_APPICON_NAME = AppIcon;
				ASSETCATALOG_COMPILER_GLOBAL_ACCENT_COLOR_NAME = AccentColor;
				CODE_SIGN_STYLE = Automatic;
				CURRENT_PROJECT_VERSION = 1;
				DEVELOPMENT_TEAM = 7TD9A665TC;
				GENERATE_INFOPLIST_FILE = YES;
				INFOPLIST_FILE = ../Code/iOS/Info.plist;
				INFOPLIST_KEY_UIApplicationSupportsIndirectInputEvents = YES;
				INFOPLIST_KEY_UILaunchStoryboardName = LaunchScreen;
				INFOPLIST_KEY_UIMainStoryboardFile = Main;
				INFOPLIST_KEY_UISupportedInterfaceOrientations_iPad = "UIInterfaceOrientationPortrait UIInterfaceOrientationPortraitUpsideDown UIInterfaceOrientationLandscapeLeft UIInterfaceOrientationLandscapeRight";
				INFOPLIST_KEY_UISupportedInterfaceOrientations_iPhone = "UIInterfaceOrientationPortrait UIInterfaceOrientationLandscapeLeft UIInterfaceOrientationLandscapeRight";
				LD_RUNPATH_SEARCH_PATHS = (
					"$(inherited)",
					"@executable_path/Frameworks",
				);
				MARKETING_VERSION = 1.0;
				PRODUCT_BUNDLE_IDENTIFIER = com.theotechnologies.sample.theolive.swiftui.UIKitExample;
				PRODUCT_NAME = "$(TARGET_NAME)";
				SWIFT_EMIT_LOC_STRINGS = YES;
				SWIFT_VERSION = 5.0;
				TARGETED_DEVICE_FAMILY = "1,2";
			};
			name = Release;
		};
		745687F52A5C2AAB007D65E4 /* Debug */ = {
			isa = XCBuildConfiguration;
			buildSettings = {
				ASSETCATALOG_COMPILER_APPICON_NAME = "App Icon & Top Shelf Image";
				ASSETCATALOG_COMPILER_GLOBAL_ACCENT_COLOR_NAME = AccentColor;
				CODE_SIGN_STYLE = Automatic;
				CURRENT_PROJECT_VERSION = 1;
				DEVELOPMENT_TEAM = 7TD9A665TC;
				GENERATE_INFOPLIST_FILE = YES;
				INFOPLIST_KEY_UILaunchStoryboardName = LaunchScreen;
				INFOPLIST_KEY_UIMainStoryboardFile = Main;
				INFOPLIST_KEY_UIUserInterfaceStyle = Automatic;
				LD_RUNPATH_SEARCH_PATHS = (
					"$(inherited)",
					"@executable_path/Frameworks",
				);
				MARKETING_VERSION = 1.0;
				PRODUCT_BUNDLE_IDENTIFIER = com.theotechnologies.sample.theolive.swiftui.UIKitExample;
				PRODUCT_NAME = "$(TARGET_NAME)";
				SDKROOT = appletvos;
				SWIFT_EMIT_LOC_STRINGS = YES;
				SWIFT_VERSION = 5.0;
				TARGETED_DEVICE_FAMILY = 3;
				TVOS_DEPLOYMENT_TARGET = 16.4;
			};
			name = Debug;
		};
		745687F62A5C2AAB007D65E4 /* Release */ = {
			isa = XCBuildConfiguration;
			buildSettings = {
				ASSETCATALOG_COMPILER_APPICON_NAME = "App Icon & Top Shelf Image";
				ASSETCATALOG_COMPILER_GLOBAL_ACCENT_COLOR_NAME = AccentColor;
				CODE_SIGN_STYLE = Automatic;
				CURRENT_PROJECT_VERSION = 1;
				DEVELOPMENT_TEAM = 7TD9A665TC;
				GENERATE_INFOPLIST_FILE = YES;
				INFOPLIST_KEY_UILaunchStoryboardName = LaunchScreen;
				INFOPLIST_KEY_UIMainStoryboardFile = Main;
				INFOPLIST_KEY_UIUserInterfaceStyle = Automatic;
				LD_RUNPATH_SEARCH_PATHS = (
					"$(inherited)",
					"@executable_path/Frameworks",
				);
				MARKETING_VERSION = 1.0;
				PRODUCT_BUNDLE_IDENTIFIER = com.theotechnologies.sample.theolive.swiftui.UIKitExample;
				PRODUCT_NAME = "$(TARGET_NAME)";
				SDKROOT = appletvos;
				SWIFT_EMIT_LOC_STRINGS = YES;
				SWIFT_VERSION = 5.0;
				TARGETED_DEVICE_FAMILY = 3;
				TVOS_DEPLOYMENT_TARGET = 16.4;
			};
			name = Release;
		};
/* End XCBuildConfiguration section */

/* Begin XCConfigurationList section */
		745687C32A5C282E007D65E4 /* Build configuration list for PBXProject "UIKitExample" */ = {
			isa = XCConfigurationList;
			buildConfigurations = (
				745687DA2A5C282F007D65E4 /* Debug */,
				745687DB2A5C282F007D65E4 /* Release */,
			);
			defaultConfigurationIsVisible = 0;
			defaultConfigurationName = Release;
		};
		745687DC2A5C282F007D65E4 /* Build configuration list for PBXNativeTarget "UIKitExample-iOS" */ = {
			isa = XCConfigurationList;
			buildConfigurations = (
				745687DD2A5C282F007D65E4 /* Debug */,
				745687DE2A5C282F007D65E4 /* Release */,
			);
			defaultConfigurationIsVisible = 0;
			defaultConfigurationName = Release;
		};
		745687F42A5C2AAB007D65E4 /* Build configuration list for PBXNativeTarget "UIKitExample-tvOS" */ = {
			isa = XCConfigurationList;
			buildConfigurations = (
				745687F52A5C2AAB007D65E4 /* Debug */,
				745687F62A5C2AAB007D65E4 /* Release */,
			);
			defaultConfigurationIsVisible = 0;
			defaultConfigurationName = Release;
		};
/* End XCConfigurationList section */
	};
	rootObject = 745687C02A5C282E007D65E4 /* Project object */;
}
